
Microsoft Visual Studio Solution File, Format Version 12.00
# Visual Studio 15
VisualStudioVersion = 15.0.27703.2035
MinimumVisualStudioVersion = 10.0.40219.1
Project("{9A19103F-16F7-4668-BE54-9A1E7A4F7556}") = "PrimitiveSharp.Core", "src\PrimitiveSharp.Core\src\PrimitiveSharp.Core\PrimitiveSharp.Core.csproj", "{F8581FD0-BD43-4954-860B-E682FBFDFDA5}"
EndProject
Project("{9A19103F-16F7-4668-BE54-9A1E7A4F7556}") = "PrimitiveSharp.Console", "src\PrimitiveSharp.Console\PrimitiveSharp.Console.csproj", "{35D169EB-AE6F-481A-B693-57EF597E8F91}"
EndProject
Project("{FAE04EC0-301F-11D3-BF4B-00C04F79EFBC}") = "PrimitiveSharp.Web", "src\PrimitiveSharp.Web\PrimitiveSharp.Web.csproj", "{58C31495-BD25-4516-9AB5-4EB01F740C94}"
EndProject
Project("{9A19103F-16F7-4668-BE54-9A1E7A4F7556}") = "PrimitiveSharp.GUI", "src\PrimitiveSharp.GUI\PrimitiveSharp.GUI.csproj", "{9DC79CE5-68AF-42EA-A551-11125B9FEC25}"
EndProject
Global
	GlobalSection(SolutionConfigurationPlatforms) = preSolution
		Debug|Any CPU = Debug|Any CPU
		Release|Any CPU = Release|Any CPU
	EndGlobalSection
	GlobalSection(ProjectConfigurationPlatforms) = postSolution
		{F8581FD0-BD43-4954-860B-E682FBFDFDA5}.Debug|Any CPU.ActiveCfg = Debug|Any CPU
		{F8581FD0-BD43-4954-860B-E682FBFDFDA5}.Debug|Any CPU.Build.0 = Debug|Any CPU
		{F8581FD0-BD43-4954-860B-E682FBFDFDA5}.Release|Any CPU.ActiveCfg = Release|Any CPU
		{F8581FD0-BD43-4954-860B-E682FBFDFDA5}.Release|Any CPU.Build.0 = Release|Any CPU
		{35D169EB-AE6F-481A-B693-57EF597E8F91}.Debug|Any CPU.ActiveCfg = Debug|Any CPU
		{35D169EB-AE6F-481A-B693-57EF597E8F91}.Debug|Any CPU.Build.0 = Debug|Any CPU
		{35D169EB-AE6F-481A-B693-57EF597E8F91}.Release|Any CPU.ActiveCfg = Release|Any CPU
		{35D169EB-AE6F-481A-B693-57EF597E8F91}.Release|Any CPU.Build.0 = Release|Any CPU
		{58C31495-BD25-4516-9AB5-4EB01F740C94}.Debug|Any CPU.ActiveCfg = Debug|Any CPU
		{58C31495-BD25-4516-9AB5-4EB01F740C94}.Debug|Any CPU.Build.0 = Debug|Any CPU
		{58C31495-BD25-4516-9AB5-4EB01F740C94}.Release|Any CPU.ActiveCfg = Release|Any CPU
		{58C31495-BD25-4516-9AB5-4EB01F740C94}.Release|Any CPU.Build.0 = Release|Any CPU
		{9DC79CE5-68AF-42EA-A551-11125B9FEC25}.Debug|Any CPU.ActiveCfg = Debug|Any CPU
		{9DC79CE5-68AF-42EA-A551-11125B9FEC25}.Debug|Any CPU.Build.0 = Debug|Any CPU
		{9DC79CE5-68AF-42EA-A551-11125B9FEC25}.Release|Any CPU.ActiveCfg = Release|Any CPU
		{9DC79CE5-68AF-42EA-A551-11125B9FEC25}.Release|Any CPU.Build.0 = Release|Any CPU
	EndGlobalSection
	GlobalSection(SolutionProperties) = preSolution
		HideSolutionNode = FALSE
	EndGlobalSection
	GlobalSection(ExtensibilityGlobals) = postSolution
		SolutionGuid = {B19F7A2B-5590-4538-8DD5-1E8024E3367A}
	EndGlobalSection
EndGlobal
